// !$*UTF8*$!
{
	archiveVersion = 1;
	classes = {
	};
	objectVersion = 46;
	objects = {

/* Begin PBXBuildFile section */
		95314D861C944215002D939B /* main.m in Sources */ = {isa = PBXBuildFile; fileRef = 95314D851C944215002D939B /* main.m */; };
		95314D891C944215002D939B /* AppDelegate.m in Sources */ = {isa = PBXBuildFile; fileRef = 95314D881C944215002D939B /* AppDelegate.m */; };
		95314D8C1C944215002D939B /* ViewController.m in Sources */ = {isa = PBXBuildFile; fileRef = 95314D8B1C944215002D939B /* ViewController.m */; };
		95314D8F1C944215002D939B /* Main.storyboard in Resources */ = {isa = PBXBuildFile; fileRef = 95314D8D1C944215002D939B /* Main.storyboard */; };
		95314D911C944215002D939B /* Assets.xcassets in Resources */ = {isa = PBXBuildFile; fileRef = 95314D901C944215002D939B /* Assets.xcassets */; };
		95314D941C944215002D939B /* LaunchScreen.storyboard in Resources */ = {isa = PBXBuildFile; fileRef = 95314D921C944215002D939B /* LaunchScreen.storyboard */; };
		95314D9E1C944331002D939B /* toshop_bg_img@2x.png in Resources */ = {isa = PBXBuildFile; fileRef = 95314D9B1C944331002D939B /* toshop_bg_img@2x.png */; };
		95314D9F1C944331002D939B /* toshop_lightup_button@2x.png in Resources */ = {isa = PBXBuildFile; fileRef = 95314D9C1C944331002D939B /* toshop_lightup_button@2x.png */; };
		95314DA01C944331002D939B /* toshop_line_img@2x.png in Resources */ = {isa = PBXBuildFile; fileRef = 95314D9D1C944331002D939B /* toshop_line_img@2x.png */; };
/* End PBXBuildFile section */

/* Begin PBXFileReference section */
		95314D811C944215002D939B /* XYQrCodeScanning.app */ = {isa = PBXFileReference; explicitFileType = wrapper.application; includeInIndex = 0; path = XYQrCodeScanning.app; sourceTree = BUILT_PRODUCTS_DIR; };
		95314D851C944215002D939B /* main.m */ = {isa = PBXFileReference; lastKnownFileType = sourcecode.c.objc; path = main.m; sourceTree = "<group>"; };
		95314D871C944215002D939B /* AppDelegate.h */ = {isa = PBXFileReference; lastKnownFileType = sourcecode.c.h; path = AppDelegate.h; sourceTree = "<group>"; };
		95314D881C944215002D939B /* AppDelegate.m */ = {isa = PBXFileReference; lastKnownFileType = sourcecode.c.objc; path = AppDelegate.m; sourceTree = "<group>"; };
		95314D8A1C944215002D939B /* ViewController.h */ = {isa = PBXFileReference; lastKnownFileType = sourcecode.c.h; path = ViewController.h; sourceTree = "<group>"; };
		95314D8B1C944215002D939B /* ViewController.m */ = {isa = PBXFileReference; lastKnownFileType = sourcecode.c.objc; path = ViewController.m; sourceTree = "<group>"; };
		95314D8E1C944215002D939B /* Base */ = {isa = PBXFileReference; lastKnownFileType = file.storyboard; name = Base; path = Base.lproj/Main.storyboard; sourceTree = "<group>"; };
		95314D901C944215002D939B /* Assets.xcassets */ = {isa = PBXFileReference; lastKnownFileType = folder.assetcatalog; path = Assets.xcassets; sourceTree = "<group>"; };
		95314D931C944215002D939B /* Base */ = {isa = PBXFileReference; lastKnownFileType = file.storyboard; name = Base; path = Base.lproj/LaunchScreen.storyboard; sourceTree = "<group>"; };
		95314D951C944215002D939B /* Info.plist */ = {isa = PBXFileReference; lastKnownFileType = text.plist.xml; path = Info.plist; sourceTree = "<group>"; };
		95314D9B1C944331002D939B /* toshop_bg_img@2x.png */ = {isa = PBXFileReference; lastKnownFileType = image.png; path = "toshop_bg_img@2x.png"; sourceTree = "<group>"; };
		95314D9C1C944331002D939B /* toshop_lightup_button@2x.png */ = {isa = PBXFileReference; lastKnownFileType = image.png; path = "toshop_lightup_button@2x.png"; sourceTree = "<group>"; };
		95314D9D1C944331002D939B /* toshop_line_img@2x.png */ = {isa = PBXFileReference; lastKnownFileType = image.png; path = "toshop_line_img@2x.png"; sourceTree = "<group>"; };
/* End PBXFileReference section */

/* Begin PBXFrameworksBuildPhase section */
		95314D7E1C944215002D939B /* Frameworks */ = {
			isa = PBXFrameworksBuildPhase;
			buildActionMask = 2147483647;
			files = (
			);
			runOnlyForDeploymentPostprocessing = 0;
		};
/* End PBXFrameworksBuildPhase section */

/* Begin PBXGroup section */
		95314D781C944214002D939B = {
			isa = PBXGroup;
			children = (
				95314D831C944215002D939B /* XYQrCodeScanning */,
				95314D821C944215002D939B /* Products */,
			);
			sourceTree = "<group>";
		};
		95314D821C944215002D939B /* Products */ = {
			isa = PBXGroup;
			children = (
				95314D811C944215002D939B /* XYQrCodeScanning.app */,
			);
			name = Products;
			sourceTree = "<group>";
		};
		95314D831C944215002D939B /* XYQrCodeScanning */ = {
			isa = PBXGroup;
			children = (
				95314D871C944215002D939B /* AppDelegate.h */,
				95314D881C944215002D939B /* AppDelegate.m */,
				95314D8A1C944215002D939B /* ViewController.h */,
				95314D8B1C944215002D939B /* ViewController.m */,
				95314D8D1C944215002D939B /* Main.storyboard */,
				95314D9B1C944331002D939B /* toshop_bg_img@2x.png */,
				95314D9C1C944331002D939B /* toshop_lightup_button@2x.png */,
				95314D9D1C944331002D939B /* toshop_line_img@2x.png */,
				95314D901C944215002D939B /* Assets.xcassets */,
				95314D921C944215002D939B /* LaunchScreen.storyboard */,
				95314D951C944215002D939B /* Info.plist */,
				95314D841C944215002D939B /* Supporting Files */,
			);
			path = XYQrCodeScanning;
			sourceTree = "<group>";
		};
		95314D841C944215002D939B /* Supporting Files */ = {
			isa = PBXGroup;
			children = (
				95314D851C944215002D939B /* main.m */,
			);
			name = "Supporting Files";
			sourceTree = "<group>";
		};
/* End PBXGroup section */

/* Begin PBXNativeTarget section */
		95314D801C944215002D939B /* XYQrCodeScanning */ = {
			isa = PBXNativeTarget;
			buildConfigurationList = 95314D981C944215002D939B /* Build configuration list for PBXNativeTarget "XYQrCodeScanning" */;
			buildPhases = (
				95314D7D1C944215002D939B /* Sources */,
				95314D7E1C944215002D939B /* Frameworks */,
				95314D7F1C944215002D939B /* Resources */,
			);
			buildRules = (
			);
			dependencies = (
			);
			name = XYQrCodeScanning;
			productName = XYQrCodeScanning;
			productReference = 95314D811C944215002D939B /* XYQrCodeScanning.app */;
			productType = "com.apple.product-type.application";
		};
/* End PBXNativeTarget section */

/* Begin PBXProject section */
		95314D791C944214002D939B /* Project object */ = {
			isa = PBXProject;
			attributes = {
				LastUpgradeCheck = 0720;
				ORGANIZATIONNAME = "薛尧";
				TargetAttributes = {
					95314D801C944215002D939B = {
						CreatedOnToolsVersion = 7.2.1;
						DevelopmentTeam = XWA7JYNQA2;
					};
				};
			};
			buildConfigurationList = 95314D7C1C944214002D939B /* Build configuration list for PBXProject "XYQrCodeScanning" */;
			compatibilityVersion = "Xcode 3.2";
			developmentRegion = English;
			hasScannedForEncodings = 0;
			knownRegions = (
				en,
				Base,
			);
			mainGroup = 95314D781C944214002D939B;
			productRefGroup = 95314D821C944215002D939B /* Products */;
			projectDirPath = "";
			projectRoot = "";
			targets = (
				95314D801C944215002D939B /* XYQrCodeScanning */,
			);
		};
/* End PBXProject section */

/* Begin PBXResourcesBuildPhase section */
		95314D7F1C944215002D939B /* Resources */ = {
			isa = PBXResourcesBuildPhase;
			buildActionMask = 2147483647;
			files = (
				95314D941C944215002D939B /* LaunchScreen.storyboard in Resources */,
				95314D911C944215002D939B /* Assets.xcassets in Resources */,
				95314D9E1C944331002D939B /* toshop_bg_img@2x.png in Resources */,
				95314D9F1C944331002D939B /* toshop_lightup_button@2x.png in Resources */,
				95314D8F1C944215002D939B /* Main.storyboard in Resources */,
				95314DA01C944331002D939B /* toshop_line_img@2x.png in Resources */,
			);
			runOnlyForDeploymentPostprocessing = 0;
		};
/* End PBXResourcesBuildPhase section */

/* Begin PBXSourcesBuildPhase section */
		95314D7D1C944215002D939B /* Sources */ = {
			isa = PBXSourcesBuildPhase;
			buildActionMask = 2147483647;
			files = (
				95314D8C1C944215002D939B /* ViewController.m in Sources */,
				95314D891C944215002D939B /* AppDelegate.m in Sources */,
				95314D861C944215002D939B /* main.m in Sources */,
			);
			runOnlyForDeploymentPostprocessing = 0;
		};
/* End PBXSourcesBuildPhase section */

/* Begin PBXVariantGroup section */
		95314D8D1C944215002D939B /* Main.storyboard */ = {
			isa = PBXVariantGroup;
			children = (
				95314D8E1C944215002D939B /* Base */,
			);
			name = Main.storyboard;
			sourceTree = "<group>";
		};
		95314D921C944215002D939B /* LaunchScreen.storyboard */ = {
			isa = PBXVariantGroup;
			children = (
				95314D931C944215002D939B /* Base */,
			);
			name = LaunchScreen.storyboard;
			sourceTree = "<group>";
		};
/* End PBXVariantGroup section */

/* Begin XCBuildConfiguration section */
		95314D961C944215002D939B /* Debug */ = {
			isa = XCBuildConfiguration;
			buildSettings = {
				ALWAYS_SEARCH_USER_PATHS = NO;
				CLANG_CXX_LANGUAGE_STANDARD = "gnu++0x";
				CLANG_CXX_LIBRARY = "libc++";
				CLANG_ENABLE_MODULES = YES;
				CLANG_ENABLE_OBJC_ARC = YES;
				CLANG_WARN_BOOL_CONVERSION = YES;
				CLANG_WARN_CONSTANT_CONVERSION = YES;
				CLANG_WARN_DIRECT_OBJC_ISA_USAGE = YES_ERROR;
				CLANG_WARN_EMPTY_BODY = YES;
				CLANG_WARN_ENUM_CONVERSION = YES;
				CLANG_WARN_INT_CONVERSION = YES;
				CLANG_WARN_OBJC_ROOT_CLASS = YES_ERROR;
				CLANG_WARN_UNREACHABLE_CODE = YES;
				CLANG_WARN__DUPLICATE_METHOD_MATCH = YES;
				"CODE_SIGN_IDENTITY[sdk=iphoneos*]" = "iPhone Developer";
				COPY_PHASE_STRIP = NO;
				DEBUG_INFORMATION_FORMAT = dwarf;
				ENABLE_STRICT_OBJC_MSGSEND = YES;
				ENABLE_TESTABILITY = YES;
				GCC_C_LANGUAGE_STANDARD = gnu99;
				GCC_DYNAMIC_NO_PIC = NO;
				GCC_NO_COMMON_BLOCKS = YES;
				GCC_OPTIMIZATION_LEVEL = 0;
				GCC_PREPROCESSOR_DEFINITIONS = (
					"DEBUG=1",
					"$(inherited)",
				);
				GCC_WARN_64_TO_32_BIT_CONVERSION = YES;
				GCC_WARN_ABOUT_RETURN_TYPE = YES_ERROR;
				GCC_WARN_UNDECLARED_SELECTOR = YES;
				GCC_WARN_UNINITIALIZED_AUTOS = YES_AGGRESSIVE;
				GCC_WARN_UNUSED_FUNCTION = YES;
				GCC_WARN_UNUSED_VARIABLE = YES;
				IPHONEOS_DEPLOYMENT_TARGET = 9.2;
				MTL_ENABLE_DEBUG_INFO = YES;
				ONLY_ACTIVE_ARCH = YES;
				SDKROOT = iphoneos;
				TARGETED_DEVICE_FAMILY = "1,2";
			};
			name = Debug;
		};
		95314D971C944215002D939B /* Release */ = {
			isa = XCBuildConfiguration;
			buildSettings = {
				ALWAYS_SEARCH_USER_PATHS = NO;
				CLANG_CXX_LANGUAGE_STANDARD = "gnu++0x";
				CLANG_CXX_LIBRARY = "libc++";
				CLANG_ENABLE_MODULES = YES;
				CLANG_ENABLE_OBJC_ARC = YES;
				CLANG_WARN_BOOL_CONVERSION = YES;
				CLANG_WARN_CONSTANT_CONVERSION = YES;
				CLANG_WARN_DIRECT_OBJC_ISA_USAGE = YES_ERROR;
				CLANG_WARN_EMPTY_BODY = YES;
				CLANG_WARN_ENUM_CONVERSION = YES;
				CLANG_WARN_INT_CONVERSION = YES;
				CLANG_WARN_OBJC_ROOT_CLASS = YES_ERROR;
				CLANG_WARN_UNREACHABLE_CODE = YES;
				CLANG_WARN__DUPLICATE_METHOD_MATCH = YES;
				"CODE_SIGN_IDENTITY[sdk=iphoneos*]" = "iPhone Developer";
				COPY_PHASE_STRIP = NO;
				DEBUG_INFORMATION_FORMAT = "dwarf-with-dsym";
				ENABLE_NS_ASSERTIONS = NO;
				ENABLE_STRICT_OBJC_MSGSEND = YES;
				GCC_C_LANGUAGE_STANDARD = gnu99;
				GCC_NO_COMMON_BLOCKS = YES;
				GCC_WARN_64_TO_32_BIT_CONVERSION = YES;
				GCC_WARN_ABOUT_RETURN_TYPE = YES_ERROR;
				GCC_WARN_UNDECLARED_SELECTOR = YES;
				GCC_WARN_UNINITIALIZED_AUTOS = YES_AGGRESSIVE;
				GCC_WARN_UNUSED_FUNCTION = YES;
				GCC_WARN_UNUSED_VARIABLE = YES;
				IPHONEOS_DEPLOYMENT_TARGET = 9.2;
				MTL_ENABLE_DEBUG_INFO = NO;
				SDKROOT = iphoneos;
				TARGETED_DEVICE_FAMILY = "1,2";
				VALIDATE_PRODUCT = YES;
			};
			name = Release;
		};
		95314D991C944215002D939B /* Debug */ = {
			isa = XCBuildConfiguration;
			buildSettings = {
				ASSETCATALOG_COMPILER_APPICON_NAME = AppIcon;
				INFOPLIST_FILE = XYQrCodeScanning/Info.plist;
				LD_RUNPATH_SEARCH_PATHS = "$(inherited) @executable_path/Frameworks";
				PRODUCT_BUNDLE_IDENTIFIER = xueyao.XYQrCodeScanning;
				PRODUCT_NAME = "$(TARGET_NAME)";
			};
			name = Debug;
		};
		95314D9A1C944215002D939B /* Release */ = {
			isa = XCBuildConfiguration;
			buildSettings = {
				ASSETCATALOG_COMPILER_APPICON_NAME = AppIcon;
				INFOPLIST_FILE = XYQrCodeScanning/Info.plist;
				LD_RUNPATH_SEARCH_PATHS = "$(inherited) @executable_path/Frameworks";
				PRODUCT_BUNDLE_IDENTIFIER = xueyao.XYQrCodeScanning;
				PRODUCT_NAME = "$(TARGET_NAME)";
			};
			name = Release;
		};
/* End XCBuildConfiguration section */

/* Begin XCConfigurationList section */
		95314D7C1C944214002D939B /* Build configuration list for PBXProject "XYQrCodeScanning" */ = {
			isa = XCConfigurationList;
			buildConfigurations = (
				95314D961C944215002D939B /* Debug */,
				95314D971C944215002D939B /* Release */,
			);
			defaultConfigurationIsVisible = 0;
			defaultConfigurationName = Release;
		};
		95314D981C944215002D939B /* Build configuration list for PBXNativeTarget "XYQrCodeScanning" */ = {
			isa = XCConfigurationList;
			buildConfigurations = (
				95314D991C944215002D939B /* Debug */,
				95314D9A1C944215002D939B /* Release */,
			);
			defaultConfigurationIsVisible = 0;
			defaultConfigurationName = Release;
		};
/* End XCConfigurationList section */
	};
	rootObject = 95314D791C944214002D939B /* Project object */;
}
